
Microsoft Visual Studio Solution File, Format Version 12.00
# Visual Studio Version 17
VisualStudioVersion = 17.7.34221.43
MinimumVisualStudioVersion = 10.0.40219.1
Project("{FAE04EC0-301F-11D3-BF4B-00C04F79EFBC}") = "Dernek", "Dernek\Dernek.csproj", "{6F4E1DAA-55C3-4237-ADC6-021E66F7B984}"
EndProject
Global
	GlobalSection(SolutionConfigurationPlatforms) = preSolution
		Debug|Any CPU = Debug|Any CPU
		Release|Any CPU = Release|Any CPU
	EndGlobalSection
	GlobalSection(ProjectConfigurationPlatforms) = postSolution
		{6F4E1DAA-55C3-4237-ADC6-021E66F7B984}.Debug|Any CPU.ActiveCfg = Debug|Any CPU
		{6F4E1DAA-55C3-4237-ADC6-021E66F7B984}.Debug|Any CPU.Build.0 = Debug|Any CPU
		{6F4E1DAA-55C3-4237-ADC6-021E66F7B984}.Release|Any CPU.ActiveCfg = Release|Any CPU
		{6F4E1DAA-55C3-4237-ADC6-021E66F7B984}.Release|Any CPU.Build.0 = Release|Any CPU
	EndGlobalSection
	GlobalSection(SolutionProperties) = preSolution
		HideSolutionNode = FALSE
	EndGlobalSection
	GlobalSection(ExtensibilityGlobals) = postSolution
		SolutionGuid = {8D4C4E20-A6CA-4078-BBD5-1B3F41487ABB}
	EndGlobalSection
EndGlobal
